
Microsoft Visual Studio Solution File, Format Version 12.00
# Visual Studio Version 16
VisualStudioVersion = 16.0.31112.23
MinimumVisualStudioVersion = 10.0.40219.1
Project("{FAE04EC0-301F-11D3-BF4B-00C04F79EFBC}") = "QuizzApp", "QuizzApp\QuizzApp.csproj", "{39287482-289B-42DB-A7CF-8A12374B0C14}"
EndProject
Global
	GlobalSection(SolutionConfigurationPlatforms) = preSolution
		Debug|Any CPU = Debug|Any CPU
		Release|Any CPU = Release|Any CPU
	EndGlobalSection
	GlobalSection(ProjectConfigurationPlatforms) = postSolution
		{39287482-289B-42DB-A7CF-8A12374B0C14}.Debug|Any CPU.ActiveCfg = Debug|Any CPU
		{39287482-289B-42DB-A7CF-8A12374B0C14}.Debug|Any CPU.Build.0 = Debug|Any CPU
		{39287482-289B-42DB-A7CF-8A12374B0C14}.Release|Any CPU.ActiveCfg = Release|Any CPU
		{39287482-289B-42DB-A7CF-8A12374B0C14}.Release|Any CPU.Build.0 = Release|Any CPU
	EndGlobalSection
	GlobalSection(SolutionProperties) = preSolution
		HideSolutionNode = FALSE
	EndGlobalSection
	GlobalSection(ExtensibilityGlobals) = postSolution
		SolutionGuid = {97728519-2728-4CAD-B4A9-B44EB66C281E}
	EndGlobalSection
EndGlobal
